// !$*UTF8*$!
{
	archiveVersion = 1;
	classes = {
	};
	objectVersion = 50;
	objects = {

/* Begin PBXBuildFile section */
		68A6914626C6D37E00DDD92D /* HaikyoApp.swift in Sources */ = {isa = PBXBuildFile; fileRef = 68A6914526C6D37E00DDD92D /* HaikyoApp.swift */; };
		68A6914826C6D37E00DDD92D /* ContentView.swift in Sources */ = {isa = PBXBuildFile; fileRef = 68A6914726C6D37E00DDD92D /* ContentView.swift */; };
		68A6914A26C6D38000DDD92D /* Assets.xcassets in Resources */ = {isa = PBXBuildFile; fileRef = 68A6914926C6D38000DDD92D /* Assets.xcassets */; };
		68A6914D26C6D38000DDD92D /* Preview Assets.xcassets in Resources */ = {isa = PBXBuildFile; fileRef = 68A6914C26C6D38000DDD92D /* Preview Assets.xcassets */; };
		68A6915826C6D38000DDD92D /* HaikyoTests.swift in Sources */ = {isa = PBXBuildFile; fileRef = 68A6915726C6D38000DDD92D /* HaikyoTests.swift */; };
		68A6916326C6D38000DDD92D /* HaikyoUITests.swift in Sources */ = {isa = PBXBuildFile; fileRef = 68A6916226C6D38000DDD92D /* HaikyoUITests.swift */; };
		68A6917126C6D61300DDD92D /* Haiku.swift in Sources */ = {isa = PBXBuildFile; fileRef = 68A6917026C6D61300DDD92D /* Haiku.swift */; };
		68A6917326C6D67200DDD92D /* HaikuDataBase.swift in Sources */ = {isa = PBXBuildFile; fileRef = 68A6917226C6D67200DDD92D /* HaikuDataBase.swift */; };
/* End PBXBuildFile section */

/* Begin PBXContainerItemProxy section */
		68A6915426C6D38000DDD92D /* PBXContainerItemProxy */ = {
			isa = PBXContainerItemProxy;
			containerPortal = 68A6913A26C6D37E00DDD92D /* Project object */;
			proxyType = 1;
			remoteGlobalIDString = 68A6914126C6D37E00DDD92D;
			remoteInfo = Haikyo;
		};
		68A6915F26C6D38000DDD92D /* PBXContainerItemProxy */ = {
			isa = PBXContainerItemProxy;
			containerPortal = 68A6913A26C6D37E00DDD92D /* Project object */;
			proxyType = 1;
			remoteGlobalIDString = 68A6914126C6D37E00DDD92D;
			remoteInfo = Haikyo;
		};
/* End PBXContainerItemProxy section */

/* Begin PBXFileReference section */
		68A6914226C6D37E00DDD92D /* Haikyo.app */ = {isa = PBXFileReference; explicitFileType = wrapper.application; includeInIndex = 0; path = Haikyo.app; sourceTree = BUILT_PRODUCTS_DIR; };
		68A6914526C6D37E00DDD92D /* HaikyoApp.swift */ = {isa = PBXFileReference; lastKnownFileType = sourcecode.swift; path = HaikyoApp.swift; sourceTree = "<group>"; };
		68A6914726C6D37E00DDD92D /* ContentView.swift */ = {isa = PBXFileReference; lastKnownFileType = sourcecode.swift; path = ContentView.swift; sourceTree = "<group>"; };
		68A6914926C6D38000DDD92D /* Assets.xcassets */ = {isa = PBXFileReference; lastKnownFileType = folder.assetcatalog; path = Assets.xcassets; sourceTree = "<group>"; };
		68A6914C26C6D38000DDD92D /* Preview Assets.xcassets */ = {isa = PBXFileReference; lastKnownFileType = folder.assetcatalog; path = "Preview Assets.xcassets"; sourceTree = "<group>"; };
		68A6914E26C6D38000DDD92D /* Info.plist */ = {isa = PBXFileReference; lastKnownFileType = text.plist.xml; path = Info.plist; sourceTree = "<group>"; };
		68A6915326C6D38000DDD92D /* HaikyoTests.xctest */ = {isa = PBXFileReference; explicitFileType = wrapper.cfbundle; includeInIndex = 0; path = HaikyoTests.xctest; sourceTree = BUILT_PRODUCTS_DIR; };
		68A6915726C6D38000DDD92D /* HaikyoTests.swift */ = {isa = PBXFileReference; lastKnownFileType = sourcecode.swift; path = HaikyoTests.swift; sourceTree = "<group>"; };
		68A6915926C6D38000DDD92D /* Info.plist */ = {isa = PBXFileReference; lastKnownFileType = text.plist.xml; path = Info.plist; sourceTree = "<group>"; };
		68A6915E26C6D38000DDD92D /* HaikyoUITests.xctest */ = {isa = PBXFileReference; explicitFileType = wrapper.cfbundle; includeInIndex = 0; path = HaikyoUITests.xctest; sourceTree = BUILT_PRODUCTS_DIR; };
		68A6916226C6D38000DDD92D /* HaikyoUITests.swift */ = {isa = PBXFileReference; lastKnownFileType = sourcecode.swift; path = HaikyoUITests.swift; sourceTree = "<group>"; };
		68A6916426C6D38000DDD92D /* Info.plist */ = {isa = PBXFileReference; lastKnownFileType = text.plist.xml; path = Info.plist; sourceTree = "<group>"; };
		68A6917026C6D61300DDD92D /* Haiku.swift */ = {isa = PBXFileReference; lastKnownFileType = sourcecode.swift; path = Haiku.swift; sourceTree = "<group>"; };
		68A6917226C6D67200DDD92D /* HaikuDataBase.swift */ = {isa = PBXFileReference; lastKnownFileType = sourcecode.swift; path = HaikuDataBase.swift; sourceTree = "<group>"; };
/* End PBXFileReference section */

/* Begin PBXFrameworksBuildPhase section */
		68A6913F26C6D37E00DDD92D /* Frameworks */ = {
			isa = PBXFrameworksBuildPhase;
			buildActionMask = 2147483647;
			files = (
			);
			runOnlyForDeploymentPostprocessing = 0;
		};
		68A6915026C6D38000DDD92D /* Frameworks */ = {
			isa = PBXFrameworksBuildPhase;
			buildActionMask = 2147483647;
			files = (
			);
			runOnlyForDeploymentPostprocessing = 0;
		};
		68A6915B26C6D38000DDD92D /* Frameworks */ = {
			isa = PBXFrameworksBuildPhase;
			buildActionMask = 2147483647;
			files = (
			);
			runOnlyForDeploymentPostprocessing = 0;
		};
/* End PBXFrameworksBuildPhase section */

/* Begin PBXGroup section */
		68A6913926C6D37E00DDD92D = {
			isa = PBXGroup;
			children = (
				68A6914426C6D37E00DDD92D /* Haikyo */,
				68A6915626C6D38000DDD92D /* HaikyoTests */,
				68A6916126C6D38000DDD92D /* HaikyoUITests */,
				68A6914326C6D37E00DDD92D /* Products */,
			);
			sourceTree = "<group>";
		};
		68A6914326C6D37E00DDD92D /* Products */ = {
			isa = PBXGroup;
			children = (
				68A6914226C6D37E00DDD92D /* Haikyo.app */,
				68A6915326C6D38000DDD92D /* HaikyoTests.xctest */,
				68A6915E26C6D38000DDD92D /* HaikyoUITests.xctest */,
			);
			name = Products;
			sourceTree = "<group>";
		};
		68A6914426C6D37E00DDD92D /* Haikyo */ = {
			isa = PBXGroup;
			children = (
				68A6914526C6D37E00DDD92D /* HaikyoApp.swift */,
				68A6914726C6D37E00DDD92D /* ContentView.swift */,
				68A6914926C6D38000DDD92D /* Assets.xcassets */,
				68A6914E26C6D38000DDD92D /* Info.plist */,
				68A6914B26C6D38000DDD92D /* Preview Content */,
				68A6917026C6D61300DDD92D /* Haiku.swift */,
				68A6917226C6D67200DDD92D /* HaikuDataBase.swift */,
			);
			path = Haikyo;
			sourceTree = "<group>";
		};
		68A6914B26C6D38000DDD92D /* Preview Content */ = {
			isa = PBXGroup;
			children = (
				68A6914C26C6D38000DDD92D /* Preview Assets.xcassets */,
			);
			path = "Preview Content";
			sourceTree = "<group>";
		};
		68A6915626C6D38000DDD92D /* HaikyoTests */ = {
			isa = PBXGroup;
			children = (
				68A6915726C6D38000DDD92D /* HaikyoTests.swift */,
				68A6915926C6D38000DDD92D /* Info.plist */,
			);
			path = HaikyoTests;
			sourceTree = "<group>";
		};
		68A6916126C6D38000DDD92D /* HaikyoUITests */ = {
			isa = PBXGroup;
			children = (
				68A6916226C6D38000DDD92D /* HaikyoUITests.swift */,
				68A6916426C6D38000DDD92D /* Info.plist */,
			);
			path = HaikyoUITests;
			sourceTree = "<group>";
		};
/* End PBXGroup section */

/* Begin PBXNativeTarget section */
		68A6914126C6D37E00DDD92D /* Haikyo */ = {
			isa = PBXNativeTarget;
			buildConfigurationList = 68A6916726C6D38000DDD92D /* Build configuration list for PBXNativeTarget "Haikyo" */;
			buildPhases = (
				68A6913E26C6D37E00DDD92D /* Sources */,
				68A6913F26C6D37E00DDD92D /* Frameworks */,
				68A6914026C6D37E00DDD92D /* Resources */,
			);
			buildRules = (
			);
			dependencies = (
			);
			name = Haikyo;
			productName = Haikyo;
			productReference = 68A6914226C6D37E00DDD92D /* Haikyo.app */;
			productType = "com.apple.product-type.application";
		};
		68A6915226C6D38000DDD92D /* HaikyoTests */ = {
			isa = PBXNativeTarget;
			buildConfigurationList = 68A6916A26C6D38000DDD92D /* Build configuration list for PBXNativeTarget "HaikyoTests" */;
			buildPhases = (
				68A6914F26C6D38000DDD92D /* Sources */,
				68A6915026C6D38000DDD92D /* Frameworks */,
				68A6915126C6D38000DDD92D /* Resources */,
			);
			buildRules = (
			);
			dependencies = (
				68A6915526C6D38000DDD92D /* PBXTargetDependency */,
			);
			name = HaikyoTests;
			productName = HaikyoTests;
			productReference = 68A6915326C6D38000DDD92D /* HaikyoTests.xctest */;
			productType = "com.apple.product-type.bundle.unit-test";
		};
		68A6915D26C6D38000DDD92D /* HaikyoUITests */ = {
			isa = PBXNativeTarget;
			buildConfigurationList = 68A6916D26C6D38000DDD92D /* Build configuration list for PBXNativeTarget "HaikyoUITests" */;
			buildPhases = (
				68A6915A26C6D38000DDD92D /* Sources */,
				68A6915B26C6D38000DDD92D /* Frameworks */,
				68A6915C26C6D38000DDD92D /* Resources */,
			);
			buildRules = (
			);
			dependencies = (
				68A6916026C6D38000DDD92D /* PBXTargetDependency */,
			);
			name = HaikyoUITests;
			productName = HaikyoUITests;
			productReference = 68A6915E26C6D38000DDD92D /* HaikyoUITests.xctest */;
			productType = "com.apple.product-type.bundle.ui-testing";
		};
/* End PBXNativeTarget section */

/* Begin PBXProject section */
		68A6913A26C6D37E00DDD92D /* Project object */ = {
			isa = PBXProject;
			attributes = {
				LastSwiftUpdateCheck = 1250;
				LastUpgradeCheck = 1250;
				TargetAttributes = {
					68A6914126C6D37E00DDD92D = {
						CreatedOnToolsVersion = 12.5.1;
					};
					68A6915226C6D38000DDD92D = {
						CreatedOnToolsVersion = 12.5.1;
						TestTargetID = 68A6914126C6D37E00DDD92D;
					};
					68A6915D26C6D38000DDD92D = {
						CreatedOnToolsVersion = 12.5.1;
						TestTargetID = 68A6914126C6D37E00DDD92D;
					};
				};
			};
			buildConfigurationList = 68A6913D26C6D37E00DDD92D /* Build configuration list for PBXProject "Haikyo" */;
			compatibilityVersion = "Xcode 9.3";
			developmentRegion = en;
			hasScannedForEncodings = 0;
			knownRegions = (
				en,
				Base,
			);
			mainGroup = 68A6913926C6D37E00DDD92D;
			productRefGroup = 68A6914326C6D37E00DDD92D /* Products */;
			projectDirPath = "";
			projectRoot = "";
			targets = (
				68A6914126C6D37E00DDD92D /* Haikyo */,
				68A6915226C6D38000DDD92D /* HaikyoTests */,
				68A6915D26C6D38000DDD92D /* HaikyoUITests */,
			);
		};
/* End PBXProject section */

/* Begin PBXResourcesBuildPhase section */
		68A6914026C6D37E00DDD92D /* Resources */ = {
			isa = PBXResourcesBuildPhase;
			buildActionMask = 2147483647;
			files = (
				68A6914D26C6D38000DDD92D /* Preview Assets.xcassets in Resources */,
				68A6914A26C6D38000DDD92D /* Assets.xcassets in Resources */,
			);
			runOnlyForDeploymentPostprocessing = 0;
		};
		68A6915126C6D38000DDD92D /* Resources */ = {
			isa = PBXResourcesBuildPhase;
			buildActionMask = 2147483647;
			files = (
			);
			runOnlyForDeploymentPostprocessing = 0;
		};
		68A6915C26C6D38000DDD92D /* Resources */ = {
			isa = PBXResourcesBuildPhase;
			buildActionMask = 2147483647;
			files = (
			);
			runOnlyForDeploymentPostprocessing = 0;
		};
/* End PBXResourcesBuildPhase section */

/* Begin PBXSourcesBuildPhase section */
		68A6913E26C6D37E00DDD92D /* Sources */ = {
			isa = PBXSourcesBuildPhase;
			buildActionMask = 2147483647;
			files = (
				68A6914826C6D37E00DDD92D /* ContentView.swift in Sources */,
				68A6917326C6D67200DDD92D /* HaikuDataBase.swift in Sources */,
				68A6917126C6D61300DDD92D /* Haiku.swift in Sources */,
				68A6914626C6D37E00DDD92D /* HaikyoApp.swift in Sources */,
			);
			runOnlyForDeploymentPostprocessing = 0;
		};
		68A6914F26C6D38000DDD92D /* Sources */ = {
			isa = PBXSourcesBuildPhase;
			buildActionMask = 2147483647;
			files = (
				68A6915826C6D38000DDD92D /* HaikyoTests.swift in Sources */,
			);
			runOnlyForDeploymentPostprocessing = 0;
		};
		68A6915A26C6D38000DDD92D /* Sources */ = {
			isa = PBXSourcesBuildPhase;
			buildActionMask = 2147483647;
			files = (
				68A6916326C6D38000DDD92D /* HaikyoUITests.swift in Sources */,
			);
			runOnlyForDeploymentPostprocessing = 0;
		};
/* End PBXSourcesBuildPhase section */

/* Begin PBXTargetDependency section */
		68A6915526C6D38000DDD92D /* PBXTargetDependency */ = {
			isa = PBXTargetDependency;
			target = 68A6914126C6D37E00DDD92D /* Haikyo */;
			targetProxy = 68A6915426C6D38000DDD92D /* PBXContainerItemProxy */;
		};
		68A6916026C6D38000DDD92D /* PBXTargetDependency */ = {
			isa = PBXTargetDependency;
			target = 68A6914126C6D37E00DDD92D /* Haikyo */;
			targetProxy = 68A6915F26C6D38000DDD92D /* PBXContainerItemProxy */;
		};
/* End PBXTargetDependency section */

/* Begin XCBuildConfiguration section */
		68A6916526C6D38000DDD92D /* Debug */ = {
			isa = XCBuildConfiguration;
			buildSettings = {
				ALWAYS_SEARCH_USER_PATHS = NO;
				CLANG_ANALYZER_NONNULL = YES;
				CLANG_ANALYZER_NUMBER_OBJECT_CONVERSION = YES_AGGRESSIVE;
				CLANG_CXX_LANGUAGE_STANDARD = "gnu++14";
				CLANG_CXX_LIBRARY = "libc++";
				CLANG_ENABLE_MODULES = YES;
				CLANG_ENABLE_OBJC_ARC = YES;
				CLANG_ENABLE_OBJC_WEAK = YES;
				CLANG_WARN_BLOCK_CAPTURE_AUTORELEASING = YES;
				CLANG_WARN_BOOL_CONVERSION = YES;
				CLANG_WARN_COMMA = YES;
				CLANG_WARN_CONSTANT_CONVERSION = YES;
				CLANG_WARN_DEPRECATED_OBJC_IMPLEMENTATIONS = YES;
				CLANG_WARN_DIRECT_OBJC_ISA_USAGE = YES_ERROR;
				CLANG_WARN_DOCUMENTATION_COMMENTS = YES;
				CLANG_WARN_EMPTY_BODY = YES;
				CLANG_WARN_ENUM_CONVERSION = YES;
				CLANG_WARN_INFINITE_RECURSION = YES;
				CLANG_WARN_INT_CONVERSION = YES;
				CLANG_WARN_NON_LITERAL_NULL_CONVERSION = YES;
				CLANG_WARN_OBJC_IMPLICIT_RETAIN_SELF = YES;
				CLANG_WARN_OBJC_LITERAL_CONVERSION = YES;
				CLANG_WARN_OBJC_ROOT_CLASS = YES_ERROR;
				CLANG_WARN_QUOTED_INCLUDE_IN_FRAMEWORK_HEADER = YES;
				CLANG_WARN_RANGE_LOOP_ANALYSIS = YES;
				CLANG_WARN_STRICT_PROTOTYPES = YES;
				CLANG_WARN_SUSPICIOUS_MOVE = YES;
				CLANG_WARN_UNGUARDED_AVAILABILITY = YES_AGGRESSIVE;
				CLANG_WARN_UNREACHABLE_CODE = YES;
				CLANG_WARN__DUPLICATE_METHOD_MATCH = YES;
				COPY_PHASE_STRIP = NO;
				DEBUG_INFORMATION_FORMAT = dwarf;
				ENABLE_STRICT_OBJC_MSGSEND = YES;
				ENABLE_TESTABILITY = YES;
				GCC_C_LANGUAGE_STANDARD = gnu11;
				GCC_DYNAMIC_NO_PIC = NO;
				GCC_NO_COMMON_BLOCKS = YES;
				GCC_OPTIMIZATION_LEVEL = 0;
				GCC_PREPROCESSOR_DEFINITIONS = (
					"DEBUG=1",
					"$(inherited)",
				);
				GCC_WARN_64_TO_32_BIT_CONVERSION = YES;
				GCC_WARN_ABOUT_RETURN_TYPE = YES_ERROR;
				GCC_WARN_UNDECLARED_SELECTOR = YES;
				GCC_WARN_UNINITIALIZED_AUTOS = YES_AGGRESSIVE;
				GCC_WARN_UNUSED_FUNCTION = YES;
				GCC_WARN_UNUSED_VARIABLE = YES;
				IPHONEOS_DEPLOYMENT_TARGET = 14.5;
				MTL_ENABLE_DEBUG_INFO = INCLUDE_SOURCE;
				MTL_FAST_MATH = YES;
				ONLY_ACTIVE_ARCH = YES;
				SDKROOT = iphoneos;
				SWIFT_ACTIVE_COMPILATION_CONDITIONS = DEBUG;
				SWIFT_OPTIMIZATION_LEVEL = "-Onone";
			};
			name = Debug;
		};
		68A6916626C6D38000DDD92D /* Release */ = {
			isa = XCBuildConfiguration;
			buildSettings = {
				ALWAYS_SEARCH_USER_PATHS = NO;
				CLANG_ANALYZER_NONNULL = YES;
				CLANG_ANALYZER_NUMBER_OBJECT_CONVERSION = YES_AGGRESSIVE;
				CLANG_CXX_LANGUAGE_STANDARD = "gnu++14";
				CLANG_CXX_LIBRARY = "libc++";
				CLANG_ENABLE_MODULES = YES;
				CLANG_ENABLE_OBJC_ARC = YES;
				CLANG_ENABLE_OBJC_WEAK = YES;
				CLANG_WARN_BLOCK_CAPTURE_AUTORELEASING = YES;
				CLANG_WARN_BOOL_CONVERSION = YES;
				CLANG_WARN_COMMA = YES;
				CLANG_WARN_CONSTANT_CONVERSION = YES;
				CLANG_WARN_DEPRECATED_OBJC_IMPLEMENTATIONS = YES;
				CLANG_WARN_DIRECT_OBJC_ISA_USAGE = YES_ERROR;
				CLANG_WARN_DOCUMENTATION_COMMENTS = YES;
				CLANG_WARN_EMPTY_BODY = YES;
				CLANG_WARN_ENUM_CONVERSION = YES;
				CLANG_WARN_INFINITE_RECURSION = YES;
				CLANG_WARN_INT_CONVERSION = YES;
				CLANG_WARN_NON_LITERAL_NULL_CONVERSION = YES;
				CLANG_WARN_OBJC_IMPLICIT_RETAIN_SELF = YES;
				CLANG_WARN_OBJC_LITERAL_CONVERSION = YES;
				CLANG_WARN_OBJC_ROOT_CLASS = YES_ERROR;
				CLANG_WARN_QUOTED_INCLUDE_IN_FRAMEWORK_HEADER = YES;
				CLANG_WARN_RANGE_LOOP_ANALYSIS = YES;
				CLANG_WARN_STRICT_PROTOTYPES = YES;
				CLANG_WARN_SUSPICIOUS_MOVE = YES;
				CLANG_WARN_UNGUARDED_AVAILABILITY = YES_AGGRESSIVE;
				CLANG_WARN_UNREACHABLE_CODE = YES;
				CLANG_WARN__DUPLICATE_METHOD_MATCH = YES;
				COPY_PHASE_STRIP = NO;
				DEBUG_INFORMATION_FORMAT = "dwarf-with-dsym";
				ENABLE_NS_ASSERTIONS = NO;
				ENABLE_STRICT_OBJC_MSGSEND = YES;
				GCC_C_LANGUAGE_STANDARD = gnu11;
				GCC_NO_COMMON_BLOCKS = YES;
				GCC_WARN_64_TO_32_BIT_CONVERSION = YES;
				GCC_WARN_ABOUT_RETURN_TYPE = YES_ERROR;
				GCC_WARN_UNDECLARED_SELECTOR = YES;
				GCC_WARN_UNINITIALIZED_AUTOS = YES_AGGRESSIVE;
				GCC_WARN_UNUSED_FUNCTION = YES;
				GCC_WARN_UNUSED_VARIABLE = YES;
				IPHONEOS_DEPLOYMENT_TARGET = 14.5;
				MTL_ENABLE_DEBUG_INFO = NO;
				MTL_FAST_MATH = YES;
				SDKROOT = iphoneos;
				SWIFT_COMPILATION_MODE = wholemodule;
				SWIFT_OPTIMIZATION_LEVEL = "-O";
				VALIDATE_PRODUCT = YES;
			};
			name = Release;
		};
		68A6916826C6D38000DDD92D /* Debug */ = {
			isa = XCBuildConfiguration;
			buildSettings = {
				ASSETCATALOG_COMPILER_APPICON_NAME = AppIcon;
				ASSETCATALOG_COMPILER_GLOBAL_ACCENT_COLOR_NAME = AccentColor;
				CODE_SIGN_STYLE = Automatic;
				DEVELOPMENT_ASSET_PATHS = "\"Haikyo/Preview Content\"";
				DEVELOPMENT_TEAM = HNL8ZJJ645;
				ENABLE_PREVIEWS = YES;
				INFOPLIST_FILE = Haikyo/Info.plist;
				IPHONEOS_DEPLOYMENT_TARGET = 14.0;
				LD_RUNPATH_SEARCH_PATHS = (
					"$(inherited)",
					"@executable_path/Frameworks",
				);
				PRODUCT_BUNDLE_IDENTIFIER = blog.tilcode.Haikyo;
				PRODUCT_NAME = "$(TARGET_NAME)";
				SWIFT_VERSION = 5.0;
				TARGETED_DEVICE_FAMILY = "1,2";
			};
			name = Debug;
		};
		68A6916926C6D38000DDD92D /* Release */ = {
			isa = XCBuildConfiguration;
			buildSettings = {
				ASSETCATALOG_COMPILER_APPICON_NAME = AppIcon;
				ASSETCATALOG_COMPILER_GLOBAL_ACCENT_COLOR_NAME = AccentColor;
				CODE_SIGN_STYLE = Automatic;
				DEVELOPMENT_ASSET_PATHS = "\"Haikyo/Preview Content\"";
				DEVELOPMENT_TEAM = HNL8ZJJ645;
				ENABLE_PREVIEWS = YES;
				INFOPLIST_FILE = Haikyo/Info.plist;
				IPHONEOS_DEPLOYMENT_TARGET = 14.0;
				LD_RUNPATH_SEARCH_PATHS = (
					"$(inherited)",
					"@executable_path/Frameworks",
				);
				PRODUCT_BUNDLE_IDENTIFIER = blog.tilcode.Haikyo;
				PRODUCT_NAME = "$(TARGET_NAME)";
				SWIFT_VERSION = 5.0;
				TARGETED_DEVICE_FAMILY = "1,2";
			};
			name = Release;
		};
		68A6916B26C6D38000DDD92D /* Debug */ = {
			isa = XCBuildConfiguration;
			buildSettings = {
				ALWAYS_EMBED_SWIFT_STANDARD_LIBRARIES = YES;
				BUNDLE_LOADER = "$(TEST_HOST)";
				CODE_SIGN_STYLE = Automatic;
				DEVELOPMENT_TEAM = HNL8ZJJ645;
				INFOPLIST_FILE = HaikyoTests/Info.plist;
				IPHONEOS_DEPLOYMENT_TARGET = 14.0;
				LD_RUNPATH_SEARCH_PATHS = (
					"$(inherited)",
					"@executable_path/Frameworks",
					"@loader_path/Frameworks",
				);
				PRODUCT_BUNDLE_IDENTIFIER = blog.tilcode.HaikyoTests;
				PRODUCT_NAME = "$(TARGET_NAME)";
				SWIFT_VERSION = 5.0;
				TARGETED_DEVICE_FAMILY = "1,2";
				TEST_HOST = "$(BUILT_PRODUCTS_DIR)/Haikyo.app/Haikyo";
			};
			name = Debug;
		};
		68A6916C26C6D38000DDD92D /* Release */ = {
			isa = XCBuildConfiguration;
			buildSettings = {
				ALWAYS_EMBED_SWIFT_STANDARD_LIBRARIES = YES;
				BUNDLE_LOADER = "$(TEST_HOST)";
				CODE_SIGN_STYLE = Automatic;
				DEVELOPMENT_TEAM = HNL8ZJJ645;
				INFOPLIST_FILE = HaikyoTests/Info.plist;
				IPHONEOS_DEPLOYMENT_TARGET = 14.0;
				LD_RUNPATH_SEARCH_PATHS = (
					"$(inherited)",
					"@executable_path/Frameworks",
					"@loader_path/Frameworks",
				);
				PRODUCT_BUNDLE_IDENTIFIER = blog.tilcode.HaikyoTests;
				PRODUCT_NAME = "$(TARGET_NAME)";
				SWIFT_VERSION = 5.0;
				TARGETED_DEVICE_FAMILY = "1,2";
				TEST_HOST = "$(BUILT_PRODUCTS_DIR)/Haikyo.app/Haikyo";
			};
			name = Release;
		};
		68A6916E26C6D38000DDD92D /* Debug */ = {
			isa = XCBuildConfiguration;
			buildSettings = {
				ALWAYS_EMBED_SWIFT_STANDARD_LIBRARIES = YES;
				CODE_SIGN_STYLE = Automatic;
				DEVELOPMENT_TEAM = HNL8ZJJ645;
				INFOPLIST_FILE = HaikyoUITests/Info.plist;
				LD_RUNPATH_SEARCH_PATHS = (
					"$(inherited)",
					"@executable_path/Frameworks",
					"@loader_path/Frameworks",
				);
				PRODUCT_BUNDLE_IDENTIFIER = blog.tilcode.HaikyoUITests;
				PRODUCT_NAME = "$(TARGET_NAME)";
				SWIFT_VERSION = 5.0;
				TARGETED_DEVICE_FAMILY = "1,2";
				TEST_TARGET_NAME = Haikyo;
			};
			name = Debug;
		};
		68A6916F26C6D38000DDD92D /* Release */ = {
			isa = XCBuildConfiguration;
			buildSettings = {
				ALWAYS_EMBED_SWIFT_STANDARD_LIBRARIES = YES;
				CODE_SIGN_STYLE = Automatic;
				DEVELOPMENT_TEAM = HNL8ZJJ645;
				INFOPLIST_FILE = HaikyoUITests/Info.plist;
				LD_RUNPATH_SEARCH_PATHS = (
					"$(inherited)",
					"@executable_path/Frameworks",
					"@loader_path/Frameworks",
				);
				PRODUCT_BUNDLE_IDENTIFIER = blog.tilcode.HaikyoUITests;
				PRODUCT_NAME = "$(TARGET_NAME)";
				SWIFT_VERSION = 5.0;
				TARGETED_DEVICE_FAMILY = "1,2";
				TEST_TARGET_NAME = Haikyo;
			};
			name = Release;
		};
/* End XCBuildConfiguration section */

/* Begin XCConfigurationList section */
		68A6913D26C6D37E00DDD92D /* Build configuration list for PBXProject "Haikyo" */ = {
			isa = XCConfigurationList;
			buildConfigurations = (
				68A6916526C6D38000DDD92D /* Debug */,
				68A6916626C6D38000DDD92D /* Release */,
			);
			defaultConfigurationIsVisible = 0;
			defaultConfigurationName = Release;
		};
		68A6916726C6D38000DDD92D /* Build configuration list for PBXNativeTarget "Haikyo" */ = {
			isa = XCConfigurationList;
			buildConfigurations = (
				68A6916826C6D38000DDD92D /* Debug */,
				68A6916926C6D38000DDD92D /* Release */,
			);
			defaultConfigurationIsVisible = 0;
			defaultConfigurationName = Release;
		};
		68A6916A26C6D38000DDD92D /* Build configuration list for PBXNativeTarget "HaikyoTests" */ = {
			isa = XCConfigurationList;
			buildConfigurations = (
				68A6916B26C6D38000DDD92D /* Debug */,
				68A6916C26C6D38000DDD92D /* Release */,
			);
			defaultConfigurationIsVisible = 0;
			defaultConfigurationName = Release;
		};
		68A6916D26C6D38000DDD92D /* Build configuration list for PBXNativeTarget "HaikyoUITests" */ = {
			isa = XCConfigurationList;
			buildConfigurations = (
				68A6916E26C6D38000DDD92D /* Debug */,
				68A6916F26C6D38000DDD92D /* Release */,
			);
			defaultConfigurationIsVisible = 0;
			defaultConfigurationName = Release;
		};
/* End XCConfigurationList section */
	};
	rootObject = 68A6913A26C6D37E00DDD92D /* Project object */;
}
